
Microsoft Visual Studio Solution File, Format Version 12.00
# Visual Studio Version 18
VisualStudioVersion = 18.4.11612.150 stable
MinimumVisualStudioVersion = 10.0.40219.1
Project("{FAE04EC0-301F-11D3-BF4B-00C04F79EFBC}") = "ContextMenuManager", "ContextMenuManager.csproj", "{EF7E60E9-3565-42BA-AFB3-7FE73A1B011C}"
EndProject
Global
	GlobalSection(SolutionConfigurationPlatforms) = preSolution
		Debug|Any CPU = Debug|Any CPU
		Release|Any CPU = Release|Any CPU
	EndGlobalSection
	GlobalSection(ProjectConfigurationPlatforms) = postSolution
		{EF7E60E9-3565-42BA-AFB3-7FE73A1B011C}.Debug|Any CPU.ActiveCfg = Debug|Any CPU
		{EF7E60E9-3565-42BA-AFB3-7FE73A1B011C}.Debug|Any CPU.Build.0 = Debug|Any CPU
		{EF7E60E9-3565-42BA-AFB3-7FE73A1B011C}.Release|Any CPU.ActiveCfg = Release|Any CPU
		{EF7E60E9-3565-42BA-AFB3-7FE73A1B011C}.Release|Any CPU.Build.0 = Release|Any CPU
	EndGlobalSection
	GlobalSection(SolutionProperties) = preSolution
		HideSolutionNode = FALSE
	EndGlobalSection
	GlobalSection(ExtensibilityGlobals) = postSolution
		SolutionGuid = {54E0289F-86C8-4A6E-A0BC-33CF8B248602}
	EndGlobalSection
EndGlobal
